
Microsoft Visual Studio Solution File, Format Version 12.00
# Visual Studio 15
VisualStudioVersion = 15.0.28307.645
MinimumVisualStudioVersion = 10.0.40219.1
Project("{FAE04EC0-301F-11D3-BF4B-00C04F79EFBC}") = "IdentityApi", "IdentityApi\IdentityApi.csproj", "{12265996-8AF5-4686-B532-875EBF781A84}"
EndProject
Global
	GlobalSection(SolutionConfigurationPlatforms) = preSolution
		Debug|Any CPU = Debug|Any CPU
		Release|Any CPU = Release|Any CPU
	EndGlobalSection
	GlobalSection(ProjectConfigurationPlatforms) = postSolution
		{12265996-8AF5-4686-B532-875EBF781A84}.Debug|Any CPU.ActiveCfg = Debug|Any CPU
		{12265996-8AF5-4686-B532-875EBF781A84}.Debug|Any CPU.Build.0 = Debug|Any CPU
		{12265996-8AF5-4686-B532-875EBF781A84}.Release|Any CPU.ActiveCfg = Release|Any CPU
		{12265996-8AF5-4686-B532-875EBF781A84}.Release|Any CPU.Build.0 = Release|Any CPU
	EndGlobalSection
	GlobalSection(SolutionProperties) = preSolution
		HideSolutionNode = FALSE
	EndGlobalSection
	GlobalSection(ExtensibilityGlobals) = postSolution
		SolutionGuid = {60929D85-67A1-439B-95BB-D98FEB72976E}
	EndGlobalSection
EndGlobal
